
Microsoft Visual Studio Solution File, Format Version 12.00
# Visual Studio Version 16
VisualStudioVersion = 16.0.31112.23
MinimumVisualStudioVersion = 10.0.40219.1
Project("{9A19103F-16F7-4668-BE54-9A1E7A4F7556}") = "OnlineExam", "OnlineExam\OnlineExam.csproj", "{AE88759B-CDA4-4337-9D11-BAB47023AC9A}"
EndProject
Global
	GlobalSection(SolutionConfigurationPlatforms) = preSolution
		Debug|Any CPU = Debug|Any CPU
		Release|Any CPU = Release|Any CPU
	EndGlobalSection
	GlobalSection(ProjectConfigurationPlatforms) = postSolution
		{AE88759B-CDA4-4337-9D11-BAB47023AC9A}.Debug|Any CPU.ActiveCfg = Debug|Any CPU
		{AE88759B-CDA4-4337-9D11-BAB47023AC9A}.Debug|Any CPU.Build.0 = Debug|Any CPU
		{AE88759B-CDA4-4337-9D11-BAB47023AC9A}.Release|Any CPU.ActiveCfg = Release|Any CPU
		{AE88759B-CDA4-4337-9D11-BAB47023AC9A}.Release|Any CPU.Build.0 = Release|Any CPU
	EndGlobalSection
	GlobalSection(SolutionProperties) = preSolution
		HideSolutionNode = FALSE
	EndGlobalSection
	GlobalSection(ExtensibilityGlobals) = postSolution
		SolutionGuid = {BF4F66A5-CB76-48BF-BA9F-516BB0D7D371}
	EndGlobalSection
EndGlobal
